{
  "name": "cordova-plugin-today-widget",
  "version": "0.0.1",
  "lockfileVersion": 1,
  "dependencies": {
    "base64-js": {
      "version": "1.1.2",
      "resolved": "https://registry.npmjs.org/base64-js/-/base64-js-1.1.2.tgz",
      "integrity": "sha1-1kAMrBxMZgl22Q0HoENR2JOV9eg="
    },
    "big-integer": {
      "version": "1.6.23",
      "resolved": "https://registry.npmjs.org/big-integer/-/big-integer-1.6.23.tgz",
      "integrity": "sha1-6F1QgiDHTj9DpM5y7tUfPaTblNE="
    },
    "bplist-creator": {
      "version": "0.0.7",
      "resolved": "https://registry.npmjs.org/bplist-creator/-/bplist-creator-0.0.7.tgz",
      "integrity": "sha1-N98VNgkoJLh8QvlXsBNEEXNyrkU="
    },
    "bplist-parser": {
      "version": "0.1.1",
      "resolved": "https://registry.npmjs.org/bplist-parser/-/bplist-parser-0.1.1.tgz",
      "integrity": "sha1-1g1dzCDLptx+HymbNdPh+V2vuuY="
    },
    "file-match": {
      "version": "1.0.2",
      "resolved": "https://registry.npmjs.org/file-match/-/file-match-1.0.2.tgz",
      "integrity": "sha1-ycrSZdLIrfOoFHWw30dYWQafrvc="
    },
    "file-system": {
      "version": "2.2.2",
      "resolved": "https://registry.npmjs.org/file-system/-/file-system-2.2.2.tgz",
      "integrity": "sha1-fWWDPjojR9zZVqgTxncVPtPt2Yc="
    },
    "inherits": {
      "version": "2.0.1",
      "resolved": "https://registry.npmjs.org/inherits/-/inherits-2.0.1.tgz",
      "integrity": "sha1-sX0I0ya0Qj5Wjv9xn5GwscvfafE="
    },
    "path": {
      "version": "0.12.7",
      "resolved": "https://registry.npmjs.org/path/-/path-0.12.7.tgz",
      "integrity": "sha1-1NwqUGxM4hl+tIHr/NWzbAFAsQ8="
    },
    "pegjs": {
      "version": "0.10.0",
      "resolved": "https://registry.npmjs.org/pegjs/-/pegjs-0.10.0.tgz",
      "integrity": "sha1-z4uvrm7d/0tafvsYUmnqr0YQ3b0="
    },
    "plist": {
      "version": "2.0.1",
      "resolved": "https://registry.npmjs.org/plist/-/plist-2.0.1.tgz",
      "integrity": "sha1-CjLKlIGxw2TpLhjcVch23p0B2os="
    },
    "process": {
      "version": "0.11.10",
      "resolved": "https://registry.npmjs.org/process/-/process-0.11.10.tgz",
      "integrity": "sha1-czIwDoQBYb2j5podHZGn1LwW8YI="
    },
    "simple-plist": {
      "version": "0.2.1",
      "resolved": "https://registry.npmjs.org/simple-plist/-/simple-plist-0.2.1.tgz",
      "integrity": "sha1-cXZts1IyaSjPOoByQrp2IyJjZyM="
    },
    "stream-buffers": {
      "version": "2.2.0",
      "resolved": "https://registry.npmjs.org/stream-buffers/-/stream-buffers-2.2.0.tgz",
      "integrity": "sha1-kdX1Ew0c75bc+n9yaUUYh0HQnuQ="
    },
    "util": {
      "version": "0.10.3",
      "resolved": "https://registry.npmjs.org/util/-/util-0.10.3.tgz",
      "integrity": "sha1-evsa/lCAUkZInj23/g7TeTNqwPk="
    },
    "utils-extend": {
      "version": "1.0.8",
      "resolved": "https://registry.npmjs.org/utils-extend/-/utils-extend-1.0.8.tgz",
      "integrity": "sha1-zP17ZFQPjpDuIe7Fd2nQZRyril8="
    },
    "uuid": {
      "version": "3.0.1",
      "resolved": "https://registry.npmjs.org/uuid/-/uuid-3.0.1.tgz",
      "integrity": "sha1-ZUS7ot/ajBzxfmKaOjBeK7H+5sE="
    },
    "xcode": {
      "version": "git+https://github.com/apache/cordova-node-xcode.git#322f304e1aac853867136d866087da29e04a54b2"
    },
    "xmlbuilder": {
      "version": "8.2.2",
      "resolved": "https://registry.npmjs.org/xmlbuilder/-/xmlbuilder-8.2.2.tgz",
      "integrity": "sha1-aSSGc0ELS6QuGmE2VR0pIjNap3M="
    },
    "xmldom": {
      "version": "0.1.27",
      "resolved": "https://registry.npmjs.org/xmldom/-/xmldom-0.1.27.tgz",
      "integrity": "sha1-1QH5ezvbQDr4757MIFcxh6rawOk="
    }
  }
}
